// !$*UTF8*$!
{
	archiveVersion = 1;
	classes = {
	};
	objectVersion = 50;
	objects = {

/* Begin PBXBuildFile section */
		3343E699439EEF75C96A3936 /* Pods_ScriptJumper.framework in Frameworks */ = {isa = PBXBuildFile; fileRef = 091C24BC689C0C5E2172DCD9 /* Pods_ScriptJumper.framework */; };
		F96768F8228452AA005AD24D /* AppDelegate.swift in Sources */ = {isa = PBXBuildFile; fileRef = F96768F7228452AA005AD24D /* AppDelegate.swift */; };
		F96768FF228452AB005AD24D /* Assets.xcassets in Resources */ = {isa = PBXBuildFile; fileRef = F96768FE228452AB005AD24D /* Assets.xcassets */; };
		F9676902228452AB005AD24D /* LaunchScreen.storyboard in Resources */ = {isa = PBXBuildFile; fileRef = F9676900228452AB005AD24D /* LaunchScreen.storyboard */; };
		F967690A228453B8005AD24D /* SAMIParser.swift in Sources */ = {isa = PBXBuildFile; fileRef = F9676909228453B8005AD24D /* SAMIParser.swift */; };
		F98577C5228C633300451841 /* MovieListViewController.swift in Sources */ = {isa = PBXBuildFile; fileRef = F98577C3228C633300451841 /* MovieListViewController.swift */; };
		F98577C6228C633300451841 /* MovieListViewController.xib in Resources */ = {isa = PBXBuildFile; fileRef = F98577C4228C633300451841 /* MovieListViewController.xib */; };
		F98577CB228C63F600451841 /* MovieTableViewCell.swift in Sources */ = {isa = PBXBuildFile; fileRef = F98577C9228C63F600451841 /* MovieTableViewCell.swift */; };
		F98577CC228C63F600451841 /* MovieTableViewCell.xib in Resources */ = {isa = PBXBuildFile; fileRef = F98577CA228C63F600451841 /* MovieTableViewCell.xib */; };
		F98577CE228C66E400451841 /* Movie.swift in Sources */ = {isa = PBXBuildFile; fileRef = F98577CD228C66E400451841 /* Movie.swift */; };
		F98577D2228C6BC300451841 /* SubtitleTableViewCell.swift in Sources */ = {isa = PBXBuildFile; fileRef = F98577D0228C6BC300451841 /* SubtitleTableViewCell.swift */; };
		F98577D3228C6BC300451841 /* SubtitleTableViewCell.xib in Resources */ = {isa = PBXBuildFile; fileRef = F98577D1228C6BC300451841 /* SubtitleTableViewCell.xib */; };
		F98577D6228C722100451841 /* PlayerViewController.swift in Sources */ = {isa = PBXBuildFile; fileRef = F98577D4228C722100451841 /* PlayerViewController.swift */; };
		F98577D7228C722100451841 /* PlayerViewController.xib in Resources */ = {isa = PBXBuildFile; fileRef = F98577D5228C722100451841 /* PlayerViewController.xib */; };
		F98577D9228C72F300451841 /* PlayerView.swift in Sources */ = {isa = PBXBuildFile; fileRef = F98577D8228C72F300451841 /* PlayerView.swift */; };
		F98577DB228C7BE500451841 /* SubtitleView.swift in Sources */ = {isa = PBXBuildFile; fileRef = F98577DA228C7BE500451841 /* SubtitleView.swift */; };
		F98577DD228C7BF800451841 /* SubtitleView.xib in Resources */ = {isa = PBXBuildFile; fileRef = F98577DC228C7BF800451841 /* SubtitleView.xib */; };
		F98577DF228CE5C700451841 /* ControlsView.swift in Sources */ = {isa = PBXBuildFile; fileRef = F98577DE228CE5C700451841 /* ControlsView.swift */; };
		F98577E1228CE5D400451841 /* ControlsView.xib in Resources */ = {isa = PBXBuildFile; fileRef = F98577E0228CE5D400451841 /* ControlsView.xib */; };
		F98577E3228CEE7100451841 /* SubtitleLabel.swift in Sources */ = {isa = PBXBuildFile; fileRef = F98577E2228CEE7100451841 /* SubtitleLabel.swift */; };
		F9FECAB222845F9100241E33 /* SAMISync.swift in Sources */ = {isa = PBXBuildFile; fileRef = F9FECAB122845F9100241E33 /* SAMISync.swift */; };
		F9FECAB522845FC600241E33 /* SAMITime.swift in Sources */ = {isa = PBXBuildFile; fileRef = F9FECAB422845FC600241E33 /* SAMITime.swift */; };
		F9FECAB722845FEA00241E33 /* SAMIParagraph.swift in Sources */ = {isa = PBXBuildFile; fileRef = F9FECAB622845FEA00241E33 /* SAMIParagraph.swift */; };
/* End PBXBuildFile section */

/* Begin PBXFileReference section */
		091C24BC689C0C5E2172DCD9 /* Pods_ScriptJumper.framework */ = {isa = PBXFileReference; explicitFileType = wrapper.framework; includeInIndex = 0; path = Pods_ScriptJumper.framework; sourceTree = BUILT_PRODUCTS_DIR; };
		E4245131B5A95F3970733381 /* Pods-ScriptJumper.release.xcconfig */ = {isa = PBXFileReference; includeInIndex = 1; lastKnownFileType = text.xcconfig; name = "Pods-ScriptJumper.release.xcconfig"; path = "Pods/Target Support Files/Pods-ScriptJumper/Pods-ScriptJumper.release.xcconfig"; sourceTree = "<group>"; };
		F96768F4228452AA005AD24D /* ScriptJumper.app */ = {isa = PBXFileReference; explicitFileType = wrapper.application; includeInIndex = 0; path = ScriptJumper.app; sourceTree = BUILT_PRODUCTS_DIR; };
		F96768F7228452AA005AD24D /* AppDelegate.swift */ = {isa = PBXFileReference; lastKnownFileType = sourcecode.swift; path = AppDelegate.swift; sourceTree = "<group>"; };
		F96768FE228452AB005AD24D /* Assets.xcassets */ = {isa = PBXFileReference; lastKnownFileType = folder.assetcatalog; path = Assets.xcassets; sourceTree = "<group>"; };
		F9676901228452AB005AD24D /* Base */ = {isa = PBXFileReference; lastKnownFileType = file.storyboard; name = Base; path = Base.lproj/LaunchScreen.storyboard; sourceTree = "<group>"; };
		F9676903228452AB005AD24D /* Info.plist */ = {isa = PBXFileReference; lastKnownFileType = text.plist.xml; path = Info.plist; sourceTree = "<group>"; };
		F9676909228453B8005AD24D /* SAMIParser.swift */ = {isa = PBXFileReference; lastKnownFileType = sourcecode.swift; path = SAMIParser.swift; sourceTree = "<group>"; };
		F97574B922D21EDB008ACE1B /* ScriptJumper.entitlements */ = {isa = PBXFileReference; lastKnownFileType = text.plist.entitlements; path = ScriptJumper.entitlements; sourceTree = "<group>"; };
		F98577C3228C633300451841 /* MovieListViewController.swift */ = {isa = PBXFileReference; lastKnownFileType = sourcecode.swift; path = MovieListViewController.swift; sourceTree = "<group>"; };
		F98577C4228C633300451841 /* MovieListViewController.xib */ = {isa = PBXFileReference; lastKnownFileType = file.xib; path = MovieListViewController.xib; sourceTree = "<group>"; };
		F98577C9228C63F600451841 /* MovieTableViewCell.swift */ = {isa = PBXFileReference; lastKnownFileType = sourcecode.swift; path = MovieTableViewCell.swift; sourceTree = "<group>"; };
		F98577CA228C63F600451841 /* MovieTableViewCell.xib */ = {isa = PBXFileReference; lastKnownFileType = file.xib; path = MovieTableViewCell.xib; sourceTree = "<group>"; };
		F98577CD228C66E400451841 /* Movie.swift */ = {isa = PBXFileReference; lastKnownFileType = sourcecode.swift; path = Movie.swift; sourceTree = "<group>"; };
		F98577D0228C6BC300451841 /* SubtitleTableViewCell.swift */ = {isa = PBXFileReference; lastKnownFileType = sourcecode.swift; path = SubtitleTableViewCell.swift; sourceTree = "<group>"; };
		F98577D1228C6BC300451841 /* SubtitleTableViewCell.xib */ = {isa = PBXFileReference; lastKnownFileType = file.xib; path = SubtitleTableViewCell.xib; sourceTree = "<group>"; };
		F98577D4228C722100451841 /* PlayerViewController.swift */ = {isa = PBXFileReference; lastKnownFileType = sourcecode.swift; path = PlayerViewController.swift; sourceTree = "<group>"; };
		F98577D5228C722100451841 /* PlayerViewController.xib */ = {isa = PBXFileReference; lastKnownFileType = file.xib; path = PlayerViewController.xib; sourceTree = "<group>"; };
		F98577D8228C72F300451841 /* PlayerView.swift */ = {isa = PBXFileReference; lastKnownFileType = sourcecode.swift; path = PlayerView.swift; sourceTree = "<group>"; };
		F98577DA228C7BE500451841 /* SubtitleView.swift */ = {isa = PBXFileReference; lastKnownFileType = sourcecode.swift; path = SubtitleView.swift; sourceTree = "<group>"; };
		F98577DC228C7BF800451841 /* SubtitleView.xib */ = {isa = PBXFileReference; lastKnownFileType = file.xib; path = SubtitleView.xib; sourceTree = "<group>"; };
		F98577DE228CE5C700451841 /* ControlsView.swift */ = {isa = PBXFileReference; lastKnownFileType = sourcecode.swift; path = ControlsView.swift; sourceTree = "<group>"; };
		F98577E0228CE5D400451841 /* ControlsView.xib */ = {isa = PBXFileReference; lastKnownFileType = file.xib; path = ControlsView.xib; sourceTree = "<group>"; };
		F98577E2228CEE7100451841 /* SubtitleLabel.swift */ = {isa = PBXFileReference; lastKnownFileType = sourcecode.swift; path = SubtitleLabel.swift; sourceTree = "<group>"; };
		F9FECAB122845F9100241E33 /* SAMISync.swift */ = {isa = PBXFileReference; lastKnownFileType = sourcecode.swift; path = SAMISync.swift; sourceTree = "<group>"; };
		F9FECAB422845FC600241E33 /* SAMITime.swift */ = {isa = PBXFileReference; lastKnownFileType = sourcecode.swift; path = SAMITime.swift; sourceTree = "<group>"; };
		F9FECAB622845FEA00241E33 /* SAMIParagraph.swift */ = {isa = PBXFileReference; lastKnownFileType = sourcecode.swift; path = SAMIParagraph.swift; sourceTree = "<group>"; };
		FC7DBDECB1D9552A48738539 /* Pods-ScriptJumper.debug.xcconfig */ = {isa = PBXFileReference; includeInIndex = 1; lastKnownFileType = text.xcconfig; name = "Pods-ScriptJumper.debug.xcconfig"; path = "Pods/Target Support Files/Pods-ScriptJumper/Pods-ScriptJumper.debug.xcconfig"; sourceTree = "<group>"; };
/* End PBXFileReference section */

/* Begin PBXFrameworksBuildPhase section */
		F96768F1228452AA005AD24D /* Frameworks */ = {
			isa = PBXFrameworksBuildPhase;
			buildActionMask = 2147483647;
			files = (
				3343E699439EEF75C96A3936 /* Pods_ScriptJumper.framework in Frameworks */,
			);
			runOnlyForDeploymentPostprocessing = 0;
		};
/* End PBXFrameworksBuildPhase section */

/* Begin PBXGroup section */
		2EFE1B6F1CA6150120CFC476 /* Frameworks */ = {
			isa = PBXGroup;
			children = (
				091C24BC689C0C5E2172DCD9 /* Pods_ScriptJumper.framework */,
			);
			name = Frameworks;
			sourceTree = "<group>";
		};
		7441FBAFDA230556D3EFDA5F /* Pods */ = {
			isa = PBXGroup;
			children = (
				FC7DBDECB1D9552A48738539 /* Pods-ScriptJumper.debug.xcconfig */,
				E4245131B5A95F3970733381 /* Pods-ScriptJumper.release.xcconfig */,
			);
			name = Pods;
			sourceTree = "<group>";
		};
		F96768EB228452AA005AD24D = {
			isa = PBXGroup;
			children = (
				F96768F6228452AA005AD24D /* ScriptJumper */,
				F96768F5228452AA005AD24D /* Products */,
				7441FBAFDA230556D3EFDA5F /* Pods */,
				2EFE1B6F1CA6150120CFC476 /* Frameworks */,
			);
			sourceTree = "<group>";
		};
		F96768F5228452AA005AD24D /* Products */ = {
			isa = PBXGroup;
			children = (
				F96768F4228452AA005AD24D /* ScriptJumper.app */,
			);
			name = Products;
			sourceTree = "<group>";
		};
		F96768F6228452AA005AD24D /* ScriptJumper */ = {
			isa = PBXGroup;
			children = (
				F97574B922D21EDB008ACE1B /* ScriptJumper.entitlements */,
				F98577CF228C66E900451841 /* Model */,
				F9D53151228A5FF5002047EF /* ViewController */,
				F98577C2228C59AF00451841 /* View */,
				F98577C8228C63CD00451841 /* Cell */,
				F9FECAB322845F9700241E33 /* SAMIParser */,
				F96768F7228452AA005AD24D /* AppDelegate.swift */,
				F96768FE228452AB005AD24D /* Assets.xcassets */,
				F9676900228452AB005AD24D /* LaunchScreen.storyboard */,
				F9676903228452AB005AD24D /* Info.plist */,
			);
			path = ScriptJumper;
			sourceTree = "<group>";
		};
		F98577C2228C59AF00451841 /* View */ = {
			isa = PBXGroup;
			children = (
				F98577D8228C72F300451841 /* PlayerView.swift */,
				F98577DA228C7BE500451841 /* SubtitleView.swift */,
				F98577DC228C7BF800451841 /* SubtitleView.xib */,
				F98577DE228CE5C700451841 /* ControlsView.swift */,
				F98577E0228CE5D400451841 /* ControlsView.xib */,
				F98577E2228CEE7100451841 /* SubtitleLabel.swift */,
			);
			path = View;
			sourceTree = "<group>";
		};
		F98577C8228C63CD00451841 /* Cell */ = {
			isa = PBXGroup;
			children = (
				F98577C9228C63F600451841 /* MovieTableViewCell.swift */,
				F98577CA228C63F600451841 /* MovieTableViewCell.xib */,
				F98577D0228C6BC300451841 /* SubtitleTableViewCell.swift */,
				F98577D1228C6BC300451841 /* SubtitleTableViewCell.xib */,
			);
			path = Cell;
			sourceTree = "<group>";
		};
		F98577CF228C66E900451841 /* Model */ = {
			isa = PBXGroup;
			children = (
				F98577CD228C66E400451841 /* Movie.swift */,
			);
			name = Model;
			path = Model.temp_caseinsensitive_rename.;
			sourceTree = "<group>";
		};
		F9D53151228A5FF5002047EF /* ViewController */ = {
			isa = PBXGroup;
			children = (
				F98577C3228C633300451841 /* MovieListViewController.swift */,
				F98577C4228C633300451841 /* MovieListViewController.xib */,
				F98577D4228C722100451841 /* PlayerViewController.swift */,
				F98577D5228C722100451841 /* PlayerViewController.xib */,
			);
			path = ViewController;
			sourceTree = "<group>";
		};
		F9FECAB322845F9700241E33 /* SAMIParser */ = {
			isa = PBXGroup;
			children = (
				F9676909228453B8005AD24D /* SAMIParser.swift */,
				F9FECAB122845F9100241E33 /* SAMISync.swift */,
				F9FECAB422845FC600241E33 /* SAMITime.swift */,
				F9FECAB622845FEA00241E33 /* SAMIParagraph.swift */,
			);
			path = SAMIParser;
			sourceTree = "<group>";
		};
/* End PBXGroup section */

/* Begin PBXNativeTarget section */
		F96768F3228452AA005AD24D /* ScriptJumper */ = {
			isa = PBXNativeTarget;
			buildConfigurationList = F9676906228452AB005AD24D /* Build configuration list for PBXNativeTarget "ScriptJumper" */;
			buildPhases = (
				04339C2C0A3B7978725E363E /* [CP] Check Pods Manifest.lock */,
				F96768F0228452AA005AD24D /* Sources */,
				F96768F1228452AA005AD24D /* Frameworks */,
				F96768F2228452AA005AD24D /* Resources */,
				F924E16622A38444009FBEC2 /* ShellScript */,
			);
			buildRules = (
			);
			dependencies = (
			);
			name = ScriptJumper;
			productName = ScriptJumper;
			productReference = F96768F4228452AA005AD24D /* ScriptJumper.app */;
			productType = "com.apple.product-type.application";
		};
/* End PBXNativeTarget section */

/* Begin PBXProject section */
		F96768EC228452AA005AD24D /* Project object */ = {
			isa = PBXProject;
			attributes = {
				LastSwiftUpdateCheck = 1020;
				LastUpgradeCheck = 1020;
				ORGANIZATIONNAME = "현지훈";
				TargetAttributes = {
					F96768F3228452AA005AD24D = {
						CreatedOnToolsVersion = 10.2.1;
					};
				};
			};
			buildConfigurationList = F96768EF228452AA005AD24D /* Build configuration list for PBXProject "ScriptJumper" */;
			compatibilityVersion = "Xcode 9.3";
			developmentRegion = en;
			hasScannedForEncodings = 0;
			knownRegions = (
				en,
				Base,
			);
			mainGroup = F96768EB228452AA005AD24D;
			productRefGroup = F96768F5228452AA005AD24D /* Products */;
			projectDirPath = "";
			projectRoot = "";
			targets = (
				F96768F3228452AA005AD24D /* ScriptJumper */,
			);
		};
/* End PBXProject section */

/* Begin PBXResourcesBuildPhase section */
		F96768F2228452AA005AD24D /* Resources */ = {
			isa = PBXResourcesBuildPhase;
			buildActionMask = 2147483647;
			files = (
				F9676902228452AB005AD24D /* LaunchScreen.storyboard in Resources */,
				F98577D3228C6BC300451841 /* SubtitleTableViewCell.xib in Resources */,
				F98577D7228C722100451841 /* PlayerViewController.xib in Resources */,
				F98577DD228C7BF800451841 /* SubtitleView.xib in Resources */,
				F98577CC228C63F600451841 /* MovieTableViewCell.xib in Resources */,
				F96768FF228452AB005AD24D /* Assets.xcassets in Resources */,
				F98577E1228CE5D400451841 /* ControlsView.xib in Resources */,
				F98577C6228C633300451841 /* MovieListViewController.xib in Resources */,
			);
			runOnlyForDeploymentPostprocessing = 0;
		};
/* End PBXResourcesBuildPhase section */

/* Begin PBXShellScriptBuildPhase section */
		04339C2C0A3B7978725E363E /* [CP] Check Pods Manifest.lock */ = {
			isa = PBXShellScriptBuildPhase;
			buildActionMask = 2147483647;
			files = (
			);
			inputFileListPaths = (
			);
			inputPaths = (
				"${PODS_PODFILE_DIR_PATH}/Podfile.lock",
				"${PODS_ROOT}/Manifest.lock",
			);
			name = "[CP] Check Pods Manifest.lock";
			outputFileListPaths = (
			);
			outputPaths = (
				"$(DERIVED_FILE_DIR)/Pods-ScriptJumper-checkManifestLockResult.txt",
			);
			runOnlyForDeploymentPostprocessing = 0;
			shellPath = /bin/sh;
			shellScript = "diff \"${PODS_PODFILE_DIR_PATH}/Podfile.lock\" \"${PODS_ROOT}/Manifest.lock\" > /dev/null\nif [ $? != 0 ] ; then\n    # print error to STDERR\n    echo \"error: The sandbox is not in sync with the Podfile.lock. Run 'pod install' or update your CocoaPods installation.\" >&2\n    exit 1\nfi\n# This output is used by Xcode 'outputs' to avoid re-running this script phase.\necho \"SUCCESS\" > \"${SCRIPT_OUTPUT_FILE_0}\"\n";
			showEnvVarsInLog = 0;
		};
		F924E16622A38444009FBEC2 /* ShellScript */ = {
			isa = PBXShellScriptBuildPhase;
			buildActionMask = 2147483647;
			files = (
			);
			inputFileListPaths = (
			);
			inputPaths = (
			);
			outputFileListPaths = (
			);
			outputPaths = (
			);
			runOnlyForDeploymentPostprocessing = 0;
			shellPath = /bin/sh;
			shellScript = "\"${PODS_ROOT}/SwiftLint/swiftlint\"\n";
		};
/* End PBXShellScriptBuildPhase section */

/* Begin PBXSourcesBuildPhase section */
		F96768F0228452AA005AD24D /* Sources */ = {
			isa = PBXSourcesBuildPhase;
			buildActionMask = 2147483647;
			files = (
				F9FECAB222845F9100241E33 /* SAMISync.swift in Sources */,
				F98577CE228C66E400451841 /* Movie.swift in Sources */,
				F98577E3228CEE7100451841 /* SubtitleLabel.swift in Sources */,
				F967690A228453B8005AD24D /* SAMIParser.swift in Sources */,
				F98577D9228C72F300451841 /* PlayerView.swift in Sources */,
				F98577DF228CE5C700451841 /* ControlsView.swift in Sources */,
				F98577DB228C7BE500451841 /* SubtitleView.swift in Sources */,
				F9FECAB722845FEA00241E33 /* SAMIParagraph.swift in Sources */,
				F98577C5228C633300451841 /* MovieListViewController.swift in Sources */,
				F9FECAB522845FC600241E33 /* SAMITime.swift in Sources */,
				F98577D2228C6BC300451841 /* SubtitleTableViewCell.swift in Sources */,
				F98577CB228C63F600451841 /* MovieTableViewCell.swift in Sources */,
				F96768F8228452AA005AD24D /* AppDelegate.swift in Sources */,
				F98577D6228C722100451841 /* PlayerViewController.swift in Sources */,
			);
			runOnlyForDeploymentPostprocessing = 0;
		};
/* End PBXSourcesBuildPhase section */

/* Begin PBXVariantGroup section */
		F9676900228452AB005AD24D /* LaunchScreen.storyboard */ = {
			isa = PBXVariantGroup;
			children = (
				F9676901228452AB005AD24D /* Base */,
			);
			name = LaunchScreen.storyboard;
			sourceTree = "<group>";
		};
/* End PBXVariantGroup section */

/* Begin XCBuildConfiguration section */
		F9676904228452AB005AD24D /* Debug */ = {
			isa = XCBuildConfiguration;
			buildSettings = {
				ALWAYS_SEARCH_USER_PATHS = NO;
				CLANG_ANALYZER_NONNULL = YES;
				CLANG_ANALYZER_NUMBER_OBJECT_CONVERSION = YES_AGGRESSIVE;
				CLANG_CXX_LANGUAGE_STANDARD = "gnu++14";
				CLANG_CXX_LIBRARY = "libc++";
				CLANG_ENABLE_MODULES = YES;
				CLANG_ENABLE_OBJC_ARC = YES;
				CLANG_ENABLE_OBJC_WEAK = YES;
				CLANG_WARN_BLOCK_CAPTURE_AUTORELEASING = YES;
				CLANG_WARN_BOOL_CONVERSION = YES;
				CLANG_WARN_COMMA = YES;
				CLANG_WARN_CONSTANT_CONVERSION = YES;
				CLANG_WARN_DEPRECATED_OBJC_IMPLEMENTATIONS = YES;
				CLANG_WARN_DIRECT_OBJC_ISA_USAGE = YES_ERROR;
				CLANG_WARN_DOCUMENTATION_COMMENTS = YES;
				CLANG_WARN_EMPTY_BODY = YES;
				CLANG_WARN_ENUM_CONVERSION = YES;
				CLANG_WARN_INFINITE_RECURSION = YES;
				CLANG_WARN_INT_CONVERSION = YES;
				CLANG_WARN_NON_LITERAL_NULL_CONVERSION = YES;
				CLANG_WARN_OBJC_IMPLICIT_RETAIN_SELF = YES;
				CLANG_WARN_OBJC_LITERAL_CONVERSION = YES;
				CLANG_WARN_OBJC_ROOT_CLASS = YES_ERROR;
				CLANG_WARN_RANGE_LOOP_ANALYSIS = YES;
				CLANG_WARN_STRICT_PROTOTYPES = YES;
				CLANG_WARN_SUSPICIOUS_MOVE = YES;
				CLANG_WARN_UNGUARDED_AVAILABILITY = YES_AGGRESSIVE;
				CLANG_WARN_UNREACHABLE_CODE = YES;
				CLANG_WARN__DUPLICATE_METHOD_MATCH = YES;
				CODE_SIGN_IDENTITY = "iPhone Developer";
				COPY_PHASE_STRIP = NO;
				DEBUG_INFORMATION_FORMAT = dwarf;
				ENABLE_STRICT_OBJC_MSGSEND = YES;
				ENABLE_TESTABILITY = YES;
				GCC_C_LANGUAGE_STANDARD = gnu11;
				GCC_DYNAMIC_NO_PIC = NO;
				GCC_NO_COMMON_BLOCKS = YES;
				GCC_OPTIMIZATION_LEVEL = 0;
				GCC_PREPROCESSOR_DEFINITIONS = (
					"DEBUG=1",
					"$(inherited)",
				);
				GCC_WARN_64_TO_32_BIT_CONVERSION = YES;
				GCC_WARN_ABOUT_RETURN_TYPE = YES_ERROR;
				GCC_WARN_UNDECLARED_SELECTOR = YES;
				GCC_WARN_UNINITIALIZED_AUTOS = YES_AGGRESSIVE;
				GCC_WARN_UNUSED_FUNCTION = YES;
				GCC_WARN_UNUSED_VARIABLE = YES;
				IPHONEOS_DEPLOYMENT_TARGET = 12.2;
				MTL_ENABLE_DEBUG_INFO = INCLUDE_SOURCE;
				MTL_FAST_MATH = YES;
				ONLY_ACTIVE_ARCH = YES;
				SDKROOT = iphoneos;
				SWIFT_ACTIVE_COMPILATION_CONDITIONS = DEBUG;
				SWIFT_OPTIMIZATION_LEVEL = "-Onone";
			};
			name = Debug;
		};
		F9676905228452AB005AD24D /* Release */ = {
			isa = XCBuildConfiguration;
			buildSettings = {
				ALWAYS_SEARCH_USER_PATHS = NO;
				CLANG_ANALYZER_NONNULL = YES;
				CLANG_ANALYZER_NUMBER_OBJECT_CONVERSION = YES_AGGRESSIVE;
				CLANG_CXX_LANGUAGE_STANDARD = "gnu++14";
				CLANG_CXX_LIBRARY = "libc++";
				CLANG_ENABLE_MODULES = YES;
				CLANG_ENABLE_OBJC_ARC = YES;
				CLANG_ENABLE_OBJC_WEAK = YES;
				CLANG_WARN_BLOCK_CAPTURE_AUTORELEASING = YES;
				CLANG_WARN_BOOL_CONVERSION = YES;
				CLANG_WARN_COMMA = YES;
				CLANG_WARN_CONSTANT_CONVERSION = YES;
				CLANG_WARN_DEPRECATED_OBJC_IMPLEMENTATIONS = YES;
				CLANG_WARN_DIRECT_OBJC_ISA_USAGE = YES_ERROR;
				CLANG_WARN_DOCUMENTATION_COMMENTS = YES;
				CLANG_WARN_EMPTY_BODY = YES;
				CLANG_WARN_ENUM_CONVERSION = YES;
				CLANG_WARN_INFINITE_RECURSION = YES;
				CLANG_WARN_INT_CONVERSION = YES;
				CLANG_WARN_NON_LITERAL_NULL_CONVERSION = YES;
				CLANG_WARN_OBJC_IMPLICIT_RETAIN_SELF = YES;
				CLANG_WARN_OBJC_LITERAL_CONVERSION = YES;
				CLANG_WARN_OBJC_ROOT_CLASS = YES_ERROR;
				CLANG_WARN_RANGE_LOOP_ANALYSIS = YES;
				CLANG_WARN_STRICT_PROTOTYPES = YES;
				CLANG_WARN_SUSPICIOUS_MOVE = YES;
				CLANG_WARN_UNGUARDED_AVAILABILITY = YES_AGGRESSIVE;
				CLANG_WARN_UNREACHABLE_CODE = YES;
				CLANG_WARN__DUPLICATE_METHOD_MATCH = YES;
				CODE_SIGN_IDENTITY = "iPhone Developer";
				COPY_PHASE_STRIP = NO;
				DEBUG_INFORMATION_FORMAT = "dwarf-with-dsym";
				ENABLE_NS_ASSERTIONS = NO;
				ENABLE_STRICT_OBJC_MSGSEND = YES;
				GCC_C_LANGUAGE_STANDARD = gnu11;
				GCC_NO_COMMON_BLOCKS = YES;
				GCC_WARN_64_TO_32_BIT_CONVERSION = YES;
				GCC_WARN_ABOUT_RETURN_TYPE = YES_ERROR;
				GCC_WARN_UNDECLARED_SELECTOR = YES;
				GCC_WARN_UNINITIALIZED_AUTOS = YES_AGGRESSIVE;
				GCC_WARN_UNUSED_FUNCTION = YES;
				GCC_WARN_UNUSED_VARIABLE = YES;
				IPHONEOS_DEPLOYMENT_TARGET = 12.2;
				MTL_ENABLE_DEBUG_INFO = NO;
				MTL_FAST_MATH = YES;
				SDKROOT = iphoneos;
				SWIFT_COMPILATION_MODE = wholemodule;
				SWIFT_OPTIMIZATION_LEVEL = "-O";
				VALIDATE_PRODUCT = YES;
			};
			name = Release;
		};
		F9676907228452AB005AD24D /* Debug */ = {
			isa = XCBuildConfiguration;
			baseConfigurationReference = FC7DBDECB1D9552A48738539 /* Pods-ScriptJumper.debug.xcconfig */;
			buildSettings = {
				ASSETCATALOG_COMPILER_APPICON_NAME = AppIcon;
				CODE_SIGN_ENTITLEMENTS = ScriptJumper/ScriptJumper.entitlements;
				CODE_SIGN_STYLE = Automatic;
				DERIVE_MACCATALYST_PRODUCT_BUNDLE_IDENTIFIER = YES;
				DEVELOPMENT_TEAM = QEK6L29J65;
				INFOPLIST_FILE = ScriptJumper/Info.plist;
				IPHONEOS_DEPLOYMENT_TARGET = 10.0;
				LD_RUNPATH_SEARCH_PATHS = (
					"$(inherited)",
					"@executable_path/Frameworks",
				);
				PRODUCT_BUNDLE_IDENTIFIER = org.hoony.hackday.ScriptJumper;
				PRODUCT_NAME = "$(TARGET_NAME)";
				SUPPORTS_MACCATALYST = YES;
				SWIFT_VERSION = 5.0;
				TARGETED_DEVICE_FAMILY = "1,2";
			};
			name = Debug;
		};
		F9676908228452AB005AD24D /* Release */ = {
			isa = XCBuildConfiguration;
			baseConfigurationReference = E4245131B5A95F3970733381 /* Pods-ScriptJumper.release.xcconfig */;
			buildSettings = {
				ASSETCATALOG_COMPILER_APPICON_NAME = AppIcon;
				CODE_SIGN_ENTITLEMENTS = ScriptJumper/ScriptJumper.entitlements;
				CODE_SIGN_STYLE = Automatic;
				DERIVE_MACCATALYST_PRODUCT_BUNDLE_IDENTIFIER = YES;
				DEVELOPMENT_TEAM = QEK6L29J65;
				INFOPLIST_FILE = ScriptJumper/Info.plist;
				IPHONEOS_DEPLOYMENT_TARGET = 10.0;
				LD_RUNPATH_SEARCH_PATHS = (
					"$(inherited)",
					"@executable_path/Frameworks",
				);
				PRODUCT_BUNDLE_IDENTIFIER = org.hoony.hackday.ScriptJumper;
				PRODUCT_NAME = "$(TARGET_NAME)";
				SUPPORTS_MACCATALYST = YES;
				SWIFT_VERSION = 5.0;
				TARGETED_DEVICE_FAMILY = "1,2";
			};
			name = Release;
		};
/* End XCBuildConfiguration section */

/* Begin XCConfigurationList section */
		F96768EF228452AA005AD24D /* Build configuration list for PBXProject "ScriptJumper" */ = {
			isa = XCConfigurationList;
			buildConfigurations = (
				F9676904228452AB005AD24D /* Debug */,
				F9676905228452AB005AD24D /* Release */,
			);
			defaultConfigurationIsVisible = 0;
			defaultConfigurationName = Release;
		};
		F9676906228452AB005AD24D /* Build configuration list for PBXNativeTarget "ScriptJumper" */ = {
			isa = XCConfigurationList;
			buildConfigurations = (
				F9676907228452AB005AD24D /* Debug */,
				F9676908228452AB005AD24D /* Release */,
			);
			defaultConfigurationIsVisible = 0;
			defaultConfigurationName = Release;
		};
/* End XCConfigurationList section */
	};
	rootObject = F96768EC228452AA005AD24D /* Project object */;
}
